
Microsoft Visual Studio Solution File, Format Version 10.00
# Visual Studio 2008
Project("{FAE04EC0-301F-11D3-BF4B-00C04F79EFBC}") = "ScanAndUpload", "ScanAndUpload\ScanAndUpload_VS2008.csproj", "{ED9DE2E9-5EEC-4F90-8E17-129B4B993D6A}"
EndProject
Global
	GlobalSection(SolutionConfigurationPlatforms) = preSolution
		Debug|Any CPU = Debug|Any CPU
		Debug|x86 = Debug|x86
		Release|Any CPU = Release|Any CPU
		Release|x86 = Release|x86
	EndGlobalSection
	GlobalSection(ProjectConfigurationPlatforms) = postSolution
		{ED9DE2E9-5EEC-4F90-8E17-129B4B993D6A}.Debug|Any CPU.ActiveCfg = Debug|Any CPU
		{ED9DE2E9-5EEC-4F90-8E17-129B4B993D6A}.Debug|Any CPU.Build.0 = Debug|Any CPU
		{ED9DE2E9-5EEC-4F90-8E17-129B4B993D6A}.Debug|x86.ActiveCfg = Debug|x86
		{ED9DE2E9-5EEC-4F90-8E17-129B4B993D6A}.Debug|x86.Build.0 = Debug|x86
		{ED9DE2E9-5EEC-4F90-8E17-129B4B993D6A}.Release|Any CPU.ActiveCfg = Release|Any CPU
		{ED9DE2E9-5EEC-4F90-8E17-129B4B993D6A}.Release|Any CPU.Build.0 = Release|Any CPU
		{ED9DE2E9-5EEC-4F90-8E17-129B4B993D6A}.Release|x86.ActiveCfg = Release|x86
		{ED9DE2E9-5EEC-4F90-8E17-129B4B993D6A}.Release|x86.Build.0 = Release|x86
	EndGlobalSection
	GlobalSection(SolutionProperties) = preSolution
		HideSolutionNode = FALSE
	EndGlobalSection
EndGlobal
