
Microsoft Visual Studio Solution File, Format Version 11.00
# Visual Studio 2010
Project("{FAE04EC0-301F-11D3-BF4B-00C04F79EFBC}") = "Dot NET TWAIN Demo", "DotNETTWAINDemo\DotNETTWAINDemo_VS2010.csproj", "{BECBB563-8BFD-4C68-9F62-A82BD88357D5}"
EndProject
Global
	GlobalSection(SolutionConfigurationPlatforms) = preSolution
		Debug|Any CPU = Debug|Any CPU
		Debug|x86 = Debug|x86
		Release|Any CPU = Release|Any CPU
		Release|x86 = Release|x86
	EndGlobalSection
	GlobalSection(ProjectConfigurationPlatforms) = postSolution
		{BECBB563-8BFD-4C68-9F62-A82BD88357D5}.Debug|Any CPU.ActiveCfg = Debug|Any CPU
		{BECBB563-8BFD-4C68-9F62-A82BD88357D5}.Debug|Any CPU.Build.0 = Debug|Any CPU
		{BECBB563-8BFD-4C68-9F62-A82BD88357D5}.Debug|x86.ActiveCfg = Debug|x86
		{BECBB563-8BFD-4C68-9F62-A82BD88357D5}.Debug|x86.Build.0 = Debug|x86
		{BECBB563-8BFD-4C68-9F62-A82BD88357D5}.Release|Any CPU.ActiveCfg = Release|Any CPU
		{BECBB563-8BFD-4C68-9F62-A82BD88357D5}.Release|Any CPU.Build.0 = Release|Any CPU
		{BECBB563-8BFD-4C68-9F62-A82BD88357D5}.Release|x86.ActiveCfg = Release|x86
		{BECBB563-8BFD-4C68-9F62-A82BD88357D5}.Release|x86.Build.0 = Release|x86
	EndGlobalSection
	GlobalSection(SolutionProperties) = preSolution
		HideSolutionNode = FALSE
	EndGlobalSection
EndGlobal
