
Microsoft Visual Studio Solution File, Format Version 12.00
# Visual Studio 14
Project("{FAE04EC0-301F-11D3-BF4B-00C04F79EFBC}") = "ScanAndUpload", "ScanAndUpload\ScanAndUpload_VS2015.csproj", "{DE39C0C9-A3F7-4B55-A484-7BF7F9D4A09F}"
EndProject
Global
	GlobalSection(SolutionConfigurationPlatforms) = preSolution
		Debug|Any CPU = Debug|Any CPU
		Release|Any CPU = Release|Any CPU
	EndGlobalSection
	GlobalSection(ProjectConfigurationPlatforms) = postSolution
		{DE39C0C9-A3F7-4B55-A484-7BF7F9D4A09F}.Debug|Any CPU.ActiveCfg = Debug|Any CPU
		{DE39C0C9-A3F7-4B55-A484-7BF7F9D4A09F}.Debug|Any CPU.Build.0 = Debug|Any CPU
		{DE39C0C9-A3F7-4B55-A484-7BF7F9D4A09F}.Release|Any CPU.ActiveCfg = Release|Any CPU
		{DE39C0C9-A3F7-4B55-A484-7BF7F9D4A09F}.Release|Any CPU.Build.0 = Release|Any CPU
	EndGlobalSection
	GlobalSection(SolutionProperties) = preSolution
		HideSolutionNode = FALSE
	EndGlobalSection
EndGlobal
