
Microsoft Visual Studio Solution File, Format Version 12.00
# Visual Studio 14
Project("{F184B08F-C81C-45F6-A57F-5ABD9991F28F}") = "WebcamDemo", "WebcamDemo\WebcamDemo_VS2015.vbproj", "{2C5FE58E-DEAF-4FE0-8466-0B5B9E5F8EC2}"
EndProject
Global
	GlobalSection(SolutionConfigurationPlatforms) = preSolution
		Debug|Any CPU = Debug|Any CPU
		Release|Any CPU = Release|Any CPU
	EndGlobalSection
	GlobalSection(ProjectConfigurationPlatforms) = postSolution
		{2C5FE58E-DEAF-4FE0-8466-0B5B9E5F8EC2}.Debug|Any CPU.ActiveCfg = Debug|Any CPU
		{2C5FE58E-DEAF-4FE0-8466-0B5B9E5F8EC2}.Debug|Any CPU.Build.0 = Debug|Any CPU
		{2C5FE58E-DEAF-4FE0-8466-0B5B9E5F8EC2}.Release|Any CPU.ActiveCfg = Release|Any CPU
		{2C5FE58E-DEAF-4FE0-8466-0B5B9E5F8EC2}.Release|Any CPU.Build.0 = Release|Any CPU
	EndGlobalSection
	GlobalSection(SolutionProperties) = preSolution
		HideSolutionNode = FALSE
	EndGlobalSection
EndGlobal
