
Microsoft Visual Studio Solution File, Format Version 10.00
# Visual Studio 2008
Project("{FAE04EC0-301F-11D3-BF4B-00C04F79EFBC}") = "WpfWebcamDemo", "WpfWebcamDemo\WpfWebcamDemo_VS2008.csproj", "{62893602-5048-40FE-A2EB-DF88F04ECE99}"
EndProject
Global
	GlobalSection(SolutionConfigurationPlatforms) = preSolution
		Debug|Any CPU = Debug|Any CPU
		Release|Any CPU = Release|Any CPU
	EndGlobalSection
	GlobalSection(ProjectConfigurationPlatforms) = postSolution
		{62893602-5048-40FE-A2EB-DF88F04ECE99}.Debug|Any CPU.ActiveCfg = Debug|Any CPU
		{62893602-5048-40FE-A2EB-DF88F04ECE99}.Debug|Any CPU.Build.0 = Debug|Any CPU
		{62893602-5048-40FE-A2EB-DF88F04ECE99}.Release|Any CPU.ActiveCfg = Release|Any CPU
		{62893602-5048-40FE-A2EB-DF88F04ECE99}.Release|Any CPU.Build.0 = Release|Any CPU
	EndGlobalSection
	GlobalSection(SolutionProperties) = preSolution
		HideSolutionNode = FALSE
	EndGlobalSection
EndGlobal
