
Microsoft Visual Studio Solution File, Format Version 10.00
# Visual Studio 2008
Project("{F184B08F-C81C-45F6-A57F-5ABD9991F28F}") = "WpfControlsDemo", "WpfControlsDemo\WpfControlsDemo_VS2008.vbproj", "{F0CFF92D-F06B-4278-92E1-E937F19F50B7}"
EndProject
Global
	GlobalSection(SolutionConfigurationPlatforms) = preSolution
		Debug|Any CPU = Debug|Any CPU
		Debug|x86 = Debug|x86
		Release|Any CPU = Release|Any CPU
		Release|x86 = Release|x86
	EndGlobalSection
	GlobalSection(ProjectConfigurationPlatforms) = postSolution
		{F0CFF92D-F06B-4278-92E1-E937F19F50B7}.Debug|Any CPU.ActiveCfg = Debug|Any CPU
		{F0CFF92D-F06B-4278-92E1-E937F19F50B7}.Debug|Any CPU.Build.0 = Debug|Any CPU
		{F0CFF92D-F06B-4278-92E1-E937F19F50B7}.Debug|x86.ActiveCfg = Debug|x86
		{F0CFF92D-F06B-4278-92E1-E937F19F50B7}.Debug|x86.Build.0 = Debug|x86
		{F0CFF92D-F06B-4278-92E1-E937F19F50B7}.Release|Any CPU.ActiveCfg = Release|Any CPU
		{F0CFF92D-F06B-4278-92E1-E937F19F50B7}.Release|Any CPU.Build.0 = Release|Any CPU
		{F0CFF92D-F06B-4278-92E1-E937F19F50B7}.Release|x86.ActiveCfg = Release|x86
		{F0CFF92D-F06B-4278-92E1-E937F19F50B7}.Release|x86.Build.0 = Release|x86
	EndGlobalSection
	GlobalSection(SolutionProperties) = preSolution
		HideSolutionNode = FALSE
	EndGlobalSection
EndGlobal
