
Microsoft Visual Studio Solution File, Format Version 11.00
# Visual Studio 2010
Project("{FAE04EC0-301F-11D3-BF4B-00C04F79EFBC}") = "MultithreadDemo", "MultithreadDemo\MultithreadDemo_VS2010.csproj", "{32E80FF9-AC51-46B6-A9C9-F476570B21C4}"
EndProject
Global
	GlobalSection(SolutionConfigurationPlatforms) = preSolution
		Debug|Any CPU = Debug|Any CPU
		Debug|x86 = Debug|x86
		Release|Any CPU = Release|Any CPU
		Release|x86 = Release|x86
	EndGlobalSection
	GlobalSection(ProjectConfigurationPlatforms) = postSolution
		{32E80FF9-AC51-46B6-A9C9-F476570B21C4}.Debug|Any CPU.ActiveCfg = Debug|Any CPU
		{32E80FF9-AC51-46B6-A9C9-F476570B21C4}.Debug|Any CPU.Build.0 = Debug|Any CPU
		{32E80FF9-AC51-46B6-A9C9-F476570B21C4}.Debug|x86.ActiveCfg = Debug|x86
		{32E80FF9-AC51-46B6-A9C9-F476570B21C4}.Debug|x86.Build.0 = Debug|x86
		{32E80FF9-AC51-46B6-A9C9-F476570B21C4}.Release|Any CPU.ActiveCfg = Release|Any CPU
		{32E80FF9-AC51-46B6-A9C9-F476570B21C4}.Release|Any CPU.Build.0 = Release|Any CPU
		{32E80FF9-AC51-46B6-A9C9-F476570B21C4}.Release|x86.ActiveCfg = Release|x86
		{32E80FF9-AC51-46B6-A9C9-F476570B21C4}.Release|x86.Build.0 = Release|x86
	EndGlobalSection
	GlobalSection(SolutionProperties) = preSolution
		HideSolutionNode = FALSE
	EndGlobalSection
EndGlobal
